
Microsoft Visual Studio Solution File, Format Version 12.00
Project("{FAE04EC0-301F-11D3-BF4B-00C04F79EFBC}") = "Serilog.Enrichers.Autodesk.Revit", "src/Serilog.Enrichers.Autodesk.Revit\Serilog.Enrichers.Autodesk.Revit.csproj", "{61752A6F-6BA7-4536-9B2A-482771608632}"
EndProject
Project("{2150E333-8FDC-42A3-9474-1A3956D46DE8}") = "Solution Items", "Solution Items", "{CF804FA7-56A6-4FA0-B201-118E593BD4CD}"
	ProjectSection(SolutionItems) = preProject
		.editorconfig = .editorconfig
		CONTRIBUTING.md = CONTRIBUTING.md
		CREDITS.md = CREDITS.md
		LICENSE.md = LICENSE.md
		README.md = README.md
		CHANGELOG.md = CHANGELOG.md
	EndProjectSection
EndProject
Project("{FAE04EC0-301F-11D3-BF4B-00C04F79EFBC}") = "Serilog.Enrichers.Autodesk.Revit.Tests", "src/Serilog.Enrichers.Autodesk.Revit.Tests\Serilog.Enrichers.Autodesk.Revit.Tests.csproj", "{B96FBB4D-121D-421B-897E-DC9E0484ED0C}"
EndProject
Global
	GlobalSection(SolutionConfigurationPlatforms) = preSolution
		Release|x64 = Release|x64
		Debug|x64 = Debug|x64
	EndGlobalSection
	GlobalSection(ProjectConfigurationPlatforms) = postSolution
		{61752A6F-6BA7-4536-9B2A-482771608632}.Release|x64.ActiveCfg = Release|x64
		{61752A6F-6BA7-4536-9B2A-482771608632}.Release|x64.Build.0 = Release|x64
		{61752A6F-6BA7-4536-9B2A-482771608632}.Debug|x64.ActiveCfg = Debug|x64
		{61752A6F-6BA7-4536-9B2A-482771608632}.Debug|x64.Build.0 = Debug|x64
		{B96FBB4D-121D-421B-897E-DC9E0484ED0C}.Release|x64.ActiveCfg = Release|x64
		{B96FBB4D-121D-421B-897E-DC9E0484ED0C}.Release|x64.Build.0 = Release|x64
		{B96FBB4D-121D-421B-897E-DC9E0484ED0C}.Debug|x64.ActiveCfg = Debug|x64
		{B96FBB4D-121D-421B-897E-DC9E0484ED0C}.Debug|x64.Build.0 = Debug|x64
	EndGlobalSection
EndGlobal
